
Microsoft Visual Studio Solution File, Format Version 12.00
# Visual Studio 2012
Project("{FAE04EC0-301F-11D3-BF4B-00C04F79EFBC}") = "Revolution", "Revolution.csproj", "{A9A4A9CB-7AC5-4896-BE9B-29E1112371A0}"
EndProject
Global
	GlobalSection(TeamFoundationVersionControl) = preSolution
		SccEnterpriseProvider = {4CA58AB2-18FA-4F8D-95D4-32DDF27D184C}
		SccLocalPath0 = .
		SccLocalPath1 = .
		SccNumberOfProjects = 2
		SccProjectUniqueName1 = Revolution.csproj
		SccTeamFoundationServer = https://tfs.codeplex.com/tfs/tfs19
	EndGlobalSection
	GlobalSection(SolutionConfigurationPlatforms) = preSolution
		Debug|x86 = Debug|x86
		MonoOutput|x86 = MonoOutput|x86
		Output|x86 = Output|x86
		Release|x86 = Release|x86
	EndGlobalSection
	GlobalSection(ProjectConfigurationPlatforms) = postSolution
		{A9A4A9CB-7AC5-4896-BE9B-29E1112371A0}.Debug|x86.ActiveCfg = Debug|x86
		{A9A4A9CB-7AC5-4896-BE9B-29E1112371A0}.Debug|x86.Build.0 = Debug|x86
		{A9A4A9CB-7AC5-4896-BE9B-29E1112371A0}.MonoOutput|x86.ActiveCfg = MonoOutput|x86
		{A9A4A9CB-7AC5-4896-BE9B-29E1112371A0}.MonoOutput|x86.Build.0 = MonoOutput|x86
		{A9A4A9CB-7AC5-4896-BE9B-29E1112371A0}.Output|x86.ActiveCfg = Output|x86
		{A9A4A9CB-7AC5-4896-BE9B-29E1112371A0}.Output|x86.Build.0 = Output|x86
		{A9A4A9CB-7AC5-4896-BE9B-29E1112371A0}.Release|x86.ActiveCfg = Release|x86
		{A9A4A9CB-7AC5-4896-BE9B-29E1112371A0}.Release|x86.Build.0 = Release|x86
	EndGlobalSection
	GlobalSection(SolutionProperties) = preSolution
		HideSolutionNode = FALSE
	EndGlobalSection
EndGlobal
